// !$*UTF8*$!
{
	archiveVersion = 1;
	classes = {
	};
	objectVersion = 50;
	objects = {

/* Begin PBXBuildFile section */
		8AF7AB7E228ECC26000F1D7E /* AppDelegate.swift in Sources */ = {isa = PBXBuildFile; fileRef = 8AF7AB7D228ECC26000F1D7E /* AppDelegate.swift */; };
		8AF7AB80228ECC26000F1D7E /* ViewController.swift in Sources */ = {isa = PBXBuildFile; fileRef = 8AF7AB7F228ECC26000F1D7E /* ViewController.swift */; };
		8AF7AB85228ECC27000F1D7E /* Assets.xcassets in Resources */ = {isa = PBXBuildFile; fileRef = 8AF7AB84228ECC27000F1D7E /* Assets.xcassets */; };
		8AF7AB88228ECC27000F1D7E /* LaunchScreen.storyboard in Resources */ = {isa = PBXBuildFile; fileRef = 8AF7AB86228ECC27000F1D7E /* LaunchScreen.storyboard */; };
		8AF7ABA0228ECD80000F1D7E /* UIViewController + Storyboard.swift in Sources */ = {isa = PBXBuildFile; fileRef = 8AF7AB9F228ECD80000F1D7E /* UIViewController + Storyboard.swift */; };
		8AF7ABA2228ECD9E000F1D7E /* WebImageView.swift in Sources */ = {isa = PBXBuildFile; fileRef = 8AF7ABA1228ECD9E000F1D7E /* WebImageView.swift */; };
		8AF7ABAD228ED932000F1D7E /* Constraints.swift in Sources */ = {isa = PBXBuildFile; fileRef = 8AF7ABAC228ED932000F1D7E /* Constraints.swift */; };
		8AF7ABAF228EDC9E000F1D7E /* UIColor + Hex.swift in Sources */ = {isa = PBXBuildFile; fileRef = 8AF7ABAE228EDC9E000F1D7E /* UIColor + Hex.swift */; };
		8AF7ABC1228EE58E000F1D7E /* MainPresenter.swift in Sources */ = {isa = PBXBuildFile; fileRef = 8AF7ABBA228EE58E000F1D7E /* MainPresenter.swift */; };
		8AF7ABC2228EE58E000F1D7E /* MainWorker.swift in Sources */ = {isa = PBXBuildFile; fileRef = 8AF7ABBB228EE58E000F1D7E /* MainWorker.swift */; };
		8AF7ABC3228EE58E000F1D7E /* MainRouter.swift in Sources */ = {isa = PBXBuildFile; fileRef = 8AF7ABBC228EE58E000F1D7E /* MainRouter.swift */; };
		8AF7ABC4228EE58E000F1D7E /* MainModels.swift in Sources */ = {isa = PBXBuildFile; fileRef = 8AF7ABBD228EE58E000F1D7E /* MainModels.swift */; };
		8AF7ABC5228EE58E000F1D7E /* MainViewController.swift in Sources */ = {isa = PBXBuildFile; fileRef = 8AF7ABBE228EE58E000F1D7E /* MainViewController.swift */; };
		8AF7ABC6228EE58E000F1D7E /* MainInteractor.swift in Sources */ = {isa = PBXBuildFile; fileRef = 8AF7ABBF228EE58E000F1D7E /* MainInteractor.swift */; };
		8AF7ABC9228EE5B8000F1D7E /* MainViewController.storyboard in Resources */ = {isa = PBXBuildFile; fileRef = 8AF7ABC8228EE5B8000F1D7E /* MainViewController.storyboard */; };
		8AF7ABD1228EF1FD000F1D7E /* BottomControls.swift in Sources */ = {isa = PBXBuildFile; fileRef = 8AF7ABD0228EF1FD000F1D7E /* BottomControls.swift */; };
		8AF7ABD9228F15AC000F1D7E /* UIButton + Custom.swift in Sources */ = {isa = PBXBuildFile; fileRef = 8AF7ABD8228F15AC000F1D7E /* UIButton + Custom.swift */; };
/* End PBXBuildFile section */

/* Begin PBXFileReference section */
		8AF7AB7A228ECC26000F1D7E /* ARI.app */ = {isa = PBXFileReference; explicitFileType = wrapper.application; includeInIndex = 0; path = ARI.app; sourceTree = BUILT_PRODUCTS_DIR; };
		8AF7AB7D228ECC26000F1D7E /* AppDelegate.swift */ = {isa = PBXFileReference; lastKnownFileType = sourcecode.swift; path = AppDelegate.swift; sourceTree = "<group>"; };
		8AF7AB7F228ECC26000F1D7E /* ViewController.swift */ = {isa = PBXFileReference; lastKnownFileType = sourcecode.swift; path = ViewController.swift; sourceTree = "<group>"; };
		8AF7AB84228ECC27000F1D7E /* Assets.xcassets */ = {isa = PBXFileReference; lastKnownFileType = folder.assetcatalog; path = Assets.xcassets; sourceTree = "<group>"; };
		8AF7AB87228ECC27000F1D7E /* Base */ = {isa = PBXFileReference; lastKnownFileType = file.storyboard; name = Base; path = Base.lproj/LaunchScreen.storyboard; sourceTree = "<group>"; };
		8AF7AB89228ECC27000F1D7E /* Info.plist */ = {isa = PBXFileReference; lastKnownFileType = text.plist.xml; path = Info.plist; sourceTree = "<group>"; };
		8AF7AB9F228ECD80000F1D7E /* UIViewController + Storyboard.swift */ = {isa = PBXFileReference; lastKnownFileType = sourcecode.swift; path = "UIViewController + Storyboard.swift"; sourceTree = "<group>"; };
		8AF7ABA1228ECD9E000F1D7E /* WebImageView.swift */ = {isa = PBXFileReference; lastKnownFileType = sourcecode.swift; path = WebImageView.swift; sourceTree = "<group>"; };
		8AF7ABAC228ED932000F1D7E /* Constraints.swift */ = {isa = PBXFileReference; lastKnownFileType = sourcecode.swift; path = Constraints.swift; sourceTree = "<group>"; };
		8AF7ABAE228EDC9E000F1D7E /* UIColor + Hex.swift */ = {isa = PBXFileReference; lastKnownFileType = sourcecode.swift; path = "UIColor + Hex.swift"; sourceTree = "<group>"; };
		8AF7ABBA228EE58E000F1D7E /* MainPresenter.swift */ = {isa = PBXFileReference; lastKnownFileType = sourcecode.swift; path = MainPresenter.swift; sourceTree = "<group>"; };
		8AF7ABBB228EE58E000F1D7E /* MainWorker.swift */ = {isa = PBXFileReference; lastKnownFileType = sourcecode.swift; path = MainWorker.swift; sourceTree = "<group>"; };
		8AF7ABBC228EE58E000F1D7E /* MainRouter.swift */ = {isa = PBXFileReference; lastKnownFileType = sourcecode.swift; path = MainRouter.swift; sourceTree = "<group>"; };
		8AF7ABBD228EE58E000F1D7E /* MainModels.swift */ = {isa = PBXFileReference; lastKnownFileType = sourcecode.swift; path = MainModels.swift; sourceTree = "<group>"; };
		8AF7ABBE228EE58E000F1D7E /* MainViewController.swift */ = {isa = PBXFileReference; lastKnownFileType = sourcecode.swift; path = MainViewController.swift; sourceTree = "<group>"; };
		8AF7ABBF228EE58E000F1D7E /* MainInteractor.swift */ = {isa = PBXFileReference; lastKnownFileType = sourcecode.swift; path = MainInteractor.swift; sourceTree = "<group>"; };
		8AF7ABC8228EE5B8000F1D7E /* MainViewController.storyboard */ = {isa = PBXFileReference; lastKnownFileType = file.storyboard; path = MainViewController.storyboard; sourceTree = "<group>"; };
		8AF7ABD0228EF1FD000F1D7E /* BottomControls.swift */ = {isa = PBXFileReference; lastKnownFileType = sourcecode.swift; path = BottomControls.swift; sourceTree = "<group>"; };
		8AF7ABD8228F15AC000F1D7E /* UIButton + Custom.swift */ = {isa = PBXFileReference; lastKnownFileType = sourcecode.swift; path = "UIButton + Custom.swift"; sourceTree = "<group>"; };
/* End PBXFileReference section */

/* Begin PBXFrameworksBuildPhase section */
		8AF7AB77228ECC26000F1D7E /* Frameworks */ = {
			isa = PBXFrameworksBuildPhase;
			buildActionMask = 2147483647;
			files = (
			);
			runOnlyForDeploymentPostprocessing = 0;
		};
/* End PBXFrameworksBuildPhase section */

/* Begin PBXGroup section */
		8AF7AB71228ECC26000F1D7E = {
			isa = PBXGroup;
			children = (
				8AF7AB7C228ECC26000F1D7E /* ARI */,
				8AF7AB7B228ECC26000F1D7E /* Products */,
			);
			sourceTree = "<group>";
		};
		8AF7AB7B228ECC26000F1D7E /* Products */ = {
			isa = PBXGroup;
			children = (
				8AF7AB7A228ECC26000F1D7E /* ARI.app */,
			);
			name = Products;
			sourceTree = "<group>";
		};
		8AF7AB7C228ECC26000F1D7E /* ARI */ = {
			isa = PBXGroup;
			children = (
				8AF7AB7D228ECC26000F1D7E /* AppDelegate.swift */,
				8AF7ABB9228EE578000F1D7E /* Main */,
				8AF7AB9E228ECD26000F1D7E /* Helpers */,
				8AF7AB7F228ECC26000F1D7E /* ViewController.swift */,
				8AF7AB84228ECC27000F1D7E /* Assets.xcassets */,
				8AF7AB86228ECC27000F1D7E /* LaunchScreen.storyboard */,
				8AF7AB89228ECC27000F1D7E /* Info.plist */,
			);
			path = ARI;
			sourceTree = "<group>";
		};
		8AF7AB9E228ECD26000F1D7E /* Helpers */ = {
			isa = PBXGroup;
			children = (
				8AF7AB9F228ECD80000F1D7E /* UIViewController + Storyboard.swift */,
				8AF7ABA1228ECD9E000F1D7E /* WebImageView.swift */,
				8AF7ABAC228ED932000F1D7E /* Constraints.swift */,
				8AF7ABAE228EDC9E000F1D7E /* UIColor + Hex.swift */,
				8AF7ABD8228F15AC000F1D7E /* UIButton + Custom.swift */,
			);
			path = Helpers;
			sourceTree = "<group>";
		};
		8AF7ABB9228EE578000F1D7E /* Main */ = {
			isa = PBXGroup;
			children = (
				8AF7ABCF228EF1E5000F1D7E /* BottomControls */,
				8AF7ABC8228EE5B8000F1D7E /* MainViewController.storyboard */,
				8AF7ABBE228EE58E000F1D7E /* MainViewController.swift */,
				8AF7ABBF228EE58E000F1D7E /* MainInteractor.swift */,
				8AF7ABBA228EE58E000F1D7E /* MainPresenter.swift */,
				8AF7ABBD228EE58E000F1D7E /* MainModels.swift */,
				8AF7ABBB228EE58E000F1D7E /* MainWorker.swift */,
				8AF7ABBC228EE58E000F1D7E /* MainRouter.swift */,
			);
			path = Main;
			sourceTree = "<group>";
		};
		8AF7ABCF228EF1E5000F1D7E /* BottomControls */ = {
			isa = PBXGroup;
			children = (
				8AF7ABD0228EF1FD000F1D7E /* BottomControls.swift */,
			);
			path = BottomControls;
			sourceTree = "<group>";
		};
/* End PBXGroup section */

/* Begin PBXNativeTarget section */
		8AF7AB79228ECC26000F1D7E /* ARI */ = {
			isa = PBXNativeTarget;
			buildConfigurationList = 8AF7AB8C228ECC27000F1D7E /* Build configuration list for PBXNativeTarget "ARI" */;
			buildPhases = (
				8AF7AB76228ECC26000F1D7E /* Sources */,
				8AF7AB77228ECC26000F1D7E /* Frameworks */,
				8AF7AB78228ECC26000F1D7E /* Resources */,
			);
			buildRules = (
			);
			dependencies = (
			);
			name = ARI;
			productName = ARI;
			productReference = 8AF7AB7A228ECC26000F1D7E /* ARI.app */;
			productType = "com.apple.product-type.application";
		};
/* End PBXNativeTarget section */

/* Begin PBXProject section */
		8AF7AB72228ECC26000F1D7E /* Project object */ = {
			isa = PBXProject;
			attributes = {
				LastSwiftUpdateCheck = 1020;
				LastUpgradeCheck = 1020;
				ORGANIZATIONNAME = "Maxim Spiridonov";
				TargetAttributes = {
					8AF7AB79228ECC26000F1D7E = {
						CreatedOnToolsVersion = 10.2;
					};
				};
			};
			buildConfigurationList = 8AF7AB75228ECC26000F1D7E /* Build configuration list for PBXProject "ARI" */;
			compatibilityVersion = "Xcode 9.3";
			developmentRegion = en;
			hasScannedForEncodings = 0;
			knownRegions = (
				en,
				Base,
			);
			mainGroup = 8AF7AB71228ECC26000F1D7E;
			productRefGroup = 8AF7AB7B228ECC26000F1D7E /* Products */;
			projectDirPath = "";
			projectRoot = "";
			targets = (
				8AF7AB79228ECC26000F1D7E /* ARI */,
			);
		};
/* End PBXProject section */

/* Begin PBXResourcesBuildPhase section */
		8AF7AB78228ECC26000F1D7E /* Resources */ = {
			isa = PBXResourcesBuildPhase;
			buildActionMask = 2147483647;
			files = (
				8AF7AB88228ECC27000F1D7E /* LaunchScreen.storyboard in Resources */,
				8AF7ABC9228EE5B8000F1D7E /* MainViewController.storyboard in Resources */,
				8AF7AB85228ECC27000F1D7E /* Assets.xcassets in Resources */,
			);
			runOnlyForDeploymentPostprocessing = 0;
		};
/* End PBXResourcesBuildPhase section */

/* Begin PBXSourcesBuildPhase section */
		8AF7AB76228ECC26000F1D7E /* Sources */ = {
			isa = PBXSourcesBuildPhase;
			buildActionMask = 2147483647;
			files = (
				8AF7AB80228ECC26000F1D7E /* ViewController.swift in Sources */,
				8AF7ABC5228EE58E000F1D7E /* MainViewController.swift in Sources */,
				8AF7ABA2228ECD9E000F1D7E /* WebImageView.swift in Sources */,
				8AF7ABC4228EE58E000F1D7E /* MainModels.swift in Sources */,
				8AF7ABD1228EF1FD000F1D7E /* BottomControls.swift in Sources */,
				8AF7ABC2228EE58E000F1D7E /* MainWorker.swift in Sources */,
				8AF7ABAD228ED932000F1D7E /* Constraints.swift in Sources */,
				8AF7ABA0228ECD80000F1D7E /* UIViewController + Storyboard.swift in Sources */,
				8AF7ABD9228F15AC000F1D7E /* UIButton + Custom.swift in Sources */,
				8AF7AB7E228ECC26000F1D7E /* AppDelegate.swift in Sources */,
				8AF7ABC1228EE58E000F1D7E /* MainPresenter.swift in Sources */,
				8AF7ABAF228EDC9E000F1D7E /* UIColor + Hex.swift in Sources */,
				8AF7ABC3228EE58E000F1D7E /* MainRouter.swift in Sources */,
				8AF7ABC6228EE58E000F1D7E /* MainInteractor.swift in Sources */,
			);
			runOnlyForDeploymentPostprocessing = 0;
		};
/* End PBXSourcesBuildPhase section */

/* Begin PBXVariantGroup section */
		8AF7AB86228ECC27000F1D7E /* LaunchScreen.storyboard */ = {
			isa = PBXVariantGroup;
			children = (
				8AF7AB87228ECC27000F1D7E /* Base */,
			);
			name = LaunchScreen.storyboard;
			sourceTree = "<group>";
		};
/* End PBXVariantGroup section */

/* Begin XCBuildConfiguration section */
		8AF7AB8A228ECC27000F1D7E /* Debug */ = {
			isa = XCBuildConfiguration;
			buildSettings = {
				ALWAYS_SEARCH_USER_PATHS = NO;
				CLANG_ANALYZER_NONNULL = YES;
				CLANG_ANALYZER_NUMBER_OBJECT_CONVERSION = YES_AGGRESSIVE;
				CLANG_CXX_LANGUAGE_STANDARD = "gnu++14";
				CLANG_CXX_LIBRARY = "libc++";
				CLANG_ENABLE_MODULES = YES;
				CLANG_ENABLE_OBJC_ARC = YES;
				CLANG_ENABLE_OBJC_WEAK = YES;
				CLANG_WARN_BLOCK_CAPTURE_AUTORELEASING = YES;
				CLANG_WARN_BOOL_CONVERSION = YES;
				CLANG_WARN_COMMA = YES;
				CLANG_WARN_CONSTANT_CONVERSION = YES;
				CLANG_WARN_DEPRECATED_OBJC_IMPLEMENTATIONS = YES;
				CLANG_WARN_DIRECT_OBJC_ISA_USAGE = YES_ERROR;
				CLANG_WARN_DOCUMENTATION_COMMENTS = YES;
				CLANG_WARN_EMPTY_BODY = YES;
				CLANG_WARN_ENUM_CONVERSION = YES;
				CLANG_WARN_INFINITE_RECURSION = YES;
				CLANG_WARN_INT_CONVERSION = YES;
				CLANG_WARN_NON_LITERAL_NULL_CONVERSION = YES;
				CLANG_WARN_OBJC_IMPLICIT_RETAIN_SELF = YES;
				CLANG_WARN_OBJC_LITERAL_CONVERSION = YES;
				CLANG_WARN_OBJC_ROOT_CLASS = YES_ERROR;
				CLANG_WARN_RANGE_LOOP_ANALYSIS = YES;
				CLANG_WARN_STRICT_PROTOTYPES = YES;
				CLANG_WARN_SUSPICIOUS_MOVE = YES;
				CLANG_WARN_UNGUARDED_AVAILABILITY = YES_AGGRESSIVE;
				CLANG_WARN_UNREACHABLE_CODE = YES;
				CLANG_WARN__DUPLICATE_METHOD_MATCH = YES;
				CODE_SIGN_IDENTITY = "iPhone Developer";
				COPY_PHASE_STRIP = NO;
				DEBUG_INFORMATION_FORMAT = dwarf;
				ENABLE_STRICT_OBJC_MSGSEND = YES;
				ENABLE_TESTABILITY = YES;
				GCC_C_LANGUAGE_STANDARD = gnu11;
				GCC_DYNAMIC_NO_PIC = NO;
				GCC_NO_COMMON_BLOCKS = YES;
				GCC_OPTIMIZATION_LEVEL = 0;
				GCC_PREPROCESSOR_DEFINITIONS = (
					"DEBUG=1",
					"$(inherited)",
				);
				GCC_WARN_64_TO_32_BIT_CONVERSION = YES;
				GCC_WARN_ABOUT_RETURN_TYPE = YES_ERROR;
				GCC_WARN_UNDECLARED_SELECTOR = YES;
				GCC_WARN_UNINITIALIZED_AUTOS = YES_AGGRESSIVE;
				GCC_WARN_UNUSED_FUNCTION = YES;
				GCC_WARN_UNUSED_VARIABLE = YES;
				IPHONEOS_DEPLOYMENT_TARGET = 12.2;
				MTL_ENABLE_DEBUG_INFO = INCLUDE_SOURCE;
				MTL_FAST_MATH = YES;
				ONLY_ACTIVE_ARCH = YES;
				SDKROOT = iphoneos;
				SWIFT_ACTIVE_COMPILATION_CONDITIONS = DEBUG;
				SWIFT_OPTIMIZATION_LEVEL = "-Onone";
			};
			name = Debug;
		};
		8AF7AB8B228ECC27000F1D7E /* Release */ = {
			isa = XCBuildConfiguration;
			buildSettings = {
				ALWAYS_SEARCH_USER_PATHS = NO;
				CLANG_ANALYZER_NONNULL = YES;
				CLANG_ANALYZER_NUMBER_OBJECT_CONVERSION = YES_AGGRESSIVE;
				CLANG_CXX_LANGUAGE_STANDARD = "gnu++14";
				CLANG_CXX_LIBRARY = "libc++";
				CLANG_ENABLE_MODULES = YES;
				CLANG_ENABLE_OBJC_ARC = YES;
				CLANG_ENABLE_OBJC_WEAK = YES;
				CLANG_WARN_BLOCK_CAPTURE_AUTORELEASING = YES;
				CLANG_WARN_BOOL_CONVERSION = YES;
				CLANG_WARN_COMMA = YES;
				CLANG_WARN_CONSTANT_CONVERSION = YES;
				CLANG_WARN_DEPRECATED_OBJC_IMPLEMENTATIONS = YES;
				CLANG_WARN_DIRECT_OBJC_ISA_USAGE = YES_ERROR;
				CLANG_WARN_DOCUMENTATION_COMMENTS = YES;
				CLANG_WARN_EMPTY_BODY = YES;
				CLANG_WARN_ENUM_CONVERSION = YES;
				CLANG_WARN_INFINITE_RECURSION = YES;
				CLANG_WARN_INT_CONVERSION = YES;
				CLANG_WARN_NON_LITERAL_NULL_CONVERSION = YES;
				CLANG_WARN_OBJC_IMPLICIT_RETAIN_SELF = YES;
				CLANG_WARN_OBJC_LITERAL_CONVERSION = YES;
				CLANG_WARN_OBJC_ROOT_CLASS = YES_ERROR;
				CLANG_WARN_RANGE_LOOP_ANALYSIS = YES;
				CLANG_WARN_STRICT_PROTOTYPES = YES;
				CLANG_WARN_SUSPICIOUS_MOVE = YES;
				CLANG_WARN_UNGUARDED_AVAILABILITY = YES_AGGRESSIVE;
				CLANG_WARN_UNREACHABLE_CODE = YES;
				CLANG_WARN__DUPLICATE_METHOD_MATCH = YES;
				CODE_SIGN_IDENTITY = "iPhone Developer";
				COPY_PHASE_STRIP = NO;
				DEBUG_INFORMATION_FORMAT = "dwarf-with-dsym";
				ENABLE_NS_ASSERTIONS = NO;
				ENABLE_STRICT_OBJC_MSGSEND = YES;
				GCC_C_LANGUAGE_STANDARD = gnu11;
				GCC_NO_COMMON_BLOCKS = YES;
				GCC_WARN_64_TO_32_BIT_CONVERSION = YES;
				GCC_WARN_ABOUT_RETURN_TYPE = YES_ERROR;
				GCC_WARN_UNDECLARED_SELECTOR = YES;
				GCC_WARN_UNINITIALIZED_AUTOS = YES_AGGRESSIVE;
				GCC_WARN_UNUSED_FUNCTION = YES;
				GCC_WARN_UNUSED_VARIABLE = YES;
				IPHONEOS_DEPLOYMENT_TARGET = 12.2;
				MTL_ENABLE_DEBUG_INFO = NO;
				MTL_FAST_MATH = YES;
				SDKROOT = iphoneos;
				SWIFT_COMPILATION_MODE = wholemodule;
				SWIFT_OPTIMIZATION_LEVEL = "-O";
				VALIDATE_PRODUCT = YES;
			};
			name = Release;
		};
		8AF7AB8D228ECC27000F1D7E /* Debug */ = {
			isa = XCBuildConfiguration;
			buildSettings = {
				ASSETCATALOG_COMPILER_APPICON_NAME = AppIcon;
				CODE_SIGN_STYLE = Automatic;
				DEVELOPMENT_TEAM = C8F3CLJ592;
				INFOPLIST_FILE = ARI/Info.plist;
				LD_RUNPATH_SEARCH_PATHS = (
					"$(inherited)",
					"@executable_path/Frameworks",
				);
				PRODUCT_BUNDLE_IDENTIFIER = com.taijased.ARI;
				PRODUCT_NAME = "$(TARGET_NAME)";
				SWIFT_VERSION = 5.0;
				TARGETED_DEVICE_FAMILY = "1,2";
			};
			name = Debug;
		};
		8AF7AB8E228ECC27000F1D7E /* Release */ = {
			isa = XCBuildConfiguration;
			buildSettings = {
				ASSETCATALOG_COMPILER_APPICON_NAME = AppIcon;
				CODE_SIGN_STYLE = Automatic;
				DEVELOPMENT_TEAM = C8F3CLJ592;
				INFOPLIST_FILE = ARI/Info.plist;
				LD_RUNPATH_SEARCH_PATHS = (
					"$(inherited)",
					"@executable_path/Frameworks",
				);
				PRODUCT_BUNDLE_IDENTIFIER = com.taijased.ARI;
				PRODUCT_NAME = "$(TARGET_NAME)";
				SWIFT_VERSION = 5.0;
				TARGETED_DEVICE_FAMILY = "1,2";
			};
			name = Release;
		};
/* End XCBuildConfiguration section */

/* Begin XCConfigurationList section */
		8AF7AB75228ECC26000F1D7E /* Build configuration list for PBXProject "ARI" */ = {
			isa = XCConfigurationList;
			buildConfigurations = (
				8AF7AB8A228ECC27000F1D7E /* Debug */,
				8AF7AB8B228ECC27000F1D7E /* Release */,
			);
			defaultConfigurationIsVisible = 0;
			defaultConfigurationName = Release;
		};
		8AF7AB8C228ECC27000F1D7E /* Build configuration list for PBXNativeTarget "ARI" */ = {
			isa = XCConfigurationList;
			buildConfigurations = (
				8AF7AB8D228ECC27000F1D7E /* Debug */,
				8AF7AB8E228ECC27000F1D7E /* Release */,
			);
			defaultConfigurationIsVisible = 0;
			defaultConfigurationName = Release;
		};
/* End XCConfigurationList section */
	};
	rootObject = 8AF7AB72228ECC26000F1D7E /* Project object */;
}
